{
  "version": 4,
  "terraform_version": "1.14.8",
  "serial": 13,
  "lineage": "bb829d3d-2014-111d-9afb-af4aff581fff",
  "outputs": {},
  "resources": [
    {
      "mode": "managed",
      "type": "local_file",
      "name": "example",
      "provider": "provider[\"registry.terraform.io/hashicorp/local\"]",
      "instances": [
        {
          "schema_version": 0,
          "attributes": {
            "content": "Hello, Terraform local!",
            "content_base64": null,
            "content_base64sha256": "nfNv8otHGXcDj7YAaI9V8xlEesAwCaxGLnzqhzHrTX0=",
            "content_base64sha512": "qlqWJ5pOl5qvE2LNvNccLUuOnxScWtYt9zVJDaj4muO1pUB2HzXzjzO72Kcqr57WaRxyDK4xFgzXrtbv30xmZw==",
            "content_md5": "2d77816e26381b28296f9b3412a17729",
            "content_sha1": "df1acdb07b469912c94f01db6674dc8771ccabf6",
            "content_sha256": "9df36ff28b471977038fb600688f55f319447ac03009ac462e7cea8731eb4d7d",
            "content_sha512": "aa5a96279a4e979aaf1362cdbcd71c2d4b8e9f149c5ad62df735490da8f89ae3b5a540761f35f38f33bbd8a72aaf9ed6691c720cae31160cd7aed6efdf4c6667",
            "directory_permission": "0777",
            "file_permission": "0777",
            "filename": "Salary.csv",
            "id": "df1acdb07b469912c94f01db6674dc8771ccabf6",
            "sensitive_content": null,
            "source": null
          },
          "sensitive_attributes": [
            [
              {
                "type": "get_attr",
                "value": "sensitive_content"
              }
            ]
          ],
          "identity_schema_version": 0
        }
      ]
    },
    {
      "mode": "managed",
      "type": "local_file",
      "name": "table_bq",
      "provider": "provider[\"registry.terraform.io/hashicorp/local\"]",
      "instances": [
        {
          "schema_version": 0,
          "attributes": {
            "content": "[\r\n  {\r\n    \"name\": \"id\",\r\n    \"type\": \"STRING\",\r\n    \"mode\": \"REQUIRED\",\r\n    \"description\": \"Unique identifier\"\r\n  },\r\n  {\r\n    \"name\": \"name\",\r\n    \"type\": \"STRING\",\r\n    \"mode\": \"NULLABLE\",\r\n    \"description\": \"Name of the person\"\r\n  },\r\n  {\r\n    \"name\": \"age\",\r\n    \"type\": \"INTEGER\",\r\n    \"mode\": \"NULLABLE\",\r\n    \"description\": \"Age of the person\"\r\n  },\r\n  {\r\n    \"name\": \"joining_date\",\r\n    \"type\": \"DATE\",\r\n    \"mode\": \"NULLABLE\",\r\n    \"description\": \"Date of joining\"\r\n  },\r\n  {\r\n    \"name\": \"Salary\",\r\n    \"type\": \"INTEGER\",\r\n    \"mode\": \"NULLABLE\",\r\n    \"description\": \"Salary of the person\"\r\n  }\r\n]\r\n",
            "content_base64": null,
            "content_base64sha256": "NhzMogCEK2OzJreoHQLUClhChQhDL46DSpD3E80oR5Q=",
            "content_base64sha512": "INm1kWkMZ1D58MRn44pCDmr9El8I5CJOk8Z89FuH3sHvyXJp7CGWHbpRiQ2Aj2E9QXa71V1tKuLUZ74ZncOPgg==",
            "content_md5": "cf6189010bb0eedd885ad10a8e20485c",
            "content_sha1": "f0b727f74fd518460ee9e6bc43522e3f4ceae6df",
            "content_sha256": "361ccca200842b63b326b7a81d02d40a58428508432f8e834a90f713cd284794",
            "content_sha512": "20d9b591690c6750f9f0c467e38a420e6afd125f08e4224e93c67cf45b87dec1efc97269ec21961dba51890d808f613d4176bbd55d6d2ae2d467be199dc38f82",
            "directory_permission": "0777",
            "file_permission": "0777",
            "filename": "table_bq_schema.json",
            "id": "f0b727f74fd518460ee9e6bc43522e3f4ceae6df",
            "sensitive_content": null,
            "source": null
          },
          "sensitive_attributes": [
            [
              {
                "type": "get_attr",
                "value": "sensitive_content"
              }
            ]
          ],
          "identity_schema_version": 0
        }
      ]
    }
  ],
  "check_results": null
}
